
Microsoft Visual Studio Solution File, Format Version 12.00
Project("{FAE04EC0-301F-11D3-BF4B-00C04F79EFBC}") = "Razor.Extensions", "Razor.Extensions\Razor.Extensions.csproj", "{BBB4B7CC-5D67-4A3C-B059-B8DD02AAE3EB}"
EndProject
Project("{FAE04EC0-301F-11D3-BF4B-00C04F79EFBC}") = "Razor.Compression.RefPack", "Razor.Compression.RefPack\Razor.Compression.RefPack.csproj", "{3F77C3CC-7D1C-4EB8-B131-44AD90A0E04B}"
EndProject
Project("{FAE04EC0-301F-11D3-BF4B-00C04F79EFBC}") = "Razor.Compression.BinaryTree", "Razor.Compression.BinaryTree\Razor.Compression.BinaryTree.csproj", "{06B0BF11-39A3-4F36-A882-D53D52E0A929}"
EndProject
Project("{FAE04EC0-301F-11D3-BF4B-00C04F79EFBC}") = "Razor.Compression.HuffmanWithRunlength", "Razor.Compression.HuffmanWithRunlength\Razor.Compression.HuffmanWithRunlength.csproj", "{9EE819FC-A0C2-459E-9394-C8151A0D3B28}"
EndProject
Project("{FAE04EC0-301F-11D3-BF4B-00C04F79EFBC}") = "Razor.Compression.LightZhl", "Razor.Compression.LightZhl\Razor.Compression.LightZhl.csproj", "{8E0D7A83-9617-4F42-948A-C7EBFF4F7D88}"
EndProject
Project("{FAE04EC0-301F-11D3-BF4B-00C04F79EFBC}") = "Razor.Compression", "Razor.Compression\Razor.Compression.csproj", "{F461E8F0-63B0-4724-9AC7-64A33C95194F}"
EndProject
Project("{FAE04EC0-301F-11D3-BF4B-00C04F79EFBC}") = "Razor.FileSystem.BigFile", "Razor.FileSystem.BigFile\Razor.FileSystem.BigFile.csproj", "{7895DCBC-CFBB-45D9-8BBC-7B9F5A2D6BB0}"
EndProject
Project("{FAE04EC0-301F-11D3-BF4B-00C04F79EFBC}") = "Razor.Browser.Abstractions", "Razor.Browser.Abstractions\Razor.Browser.Abstractions.csproj", "{DAB1B004-412D-42D3-98D2-2470542C07C4}"
EndProject
Project("{FAE04EC0-301F-11D3-BF4B-00C04F79EFBC}") = "Razor.Browser.Dispatch", "Razor.Browser.Dispatch\Razor.Browser.Dispatch.csproj", "{EEFADC99-561D-4CD2-A06F-16E0954BE178}"
EndProject
Project("{FAE04EC0-301F-11D3-BF4B-00C04F79EFBC}") = "Razor.Browser.Engine", "Razor.Browser.Engine\Razor.Browser.Engine.csproj", "{6F6CC119-4DC4-4C0C-BC6C-36362C284BB3}"
EndProject
Project("{FAE04EC0-301F-11D3-BF4B-00C04F79EFBC}") = "Razor.Utilities", "Razor.Utilities\Razor.Utilities.csproj", "{B29A8FA4-1308-4FED-9500-A71BC03874CD}"
EndProject
Global
	GlobalSection(SolutionConfigurationPlatforms) = preSolution
		Debug|Any CPU = Debug|Any CPU
		Release|Any CPU = Release|Any CPU
	EndGlobalSection
	GlobalSection(ProjectConfigurationPlatforms) = postSolution
		{BBB4B7CC-5D67-4A3C-B059-B8DD02AAE3EB}.Debug|Any CPU.ActiveCfg = Debug|Any CPU
		{BBB4B7CC-5D67-4A3C-B059-B8DD02AAE3EB}.Debug|Any CPU.Build.0 = Debug|Any CPU
		{BBB4B7CC-5D67-4A3C-B059-B8DD02AAE3EB}.Release|Any CPU.ActiveCfg = Release|Any CPU
		{BBB4B7CC-5D67-4A3C-B059-B8DD02AAE3EB}.Release|Any CPU.Build.0 = Release|Any CPU
		{3F77C3CC-7D1C-4EB8-B131-44AD90A0E04B}.Debug|Any CPU.ActiveCfg = Debug|Any CPU
		{3F77C3CC-7D1C-4EB8-B131-44AD90A0E04B}.Debug|Any CPU.Build.0 = Debug|Any CPU
		{3F77C3CC-7D1C-4EB8-B131-44AD90A0E04B}.Release|Any CPU.ActiveCfg = Release|Any CPU
		{3F77C3CC-7D1C-4EB8-B131-44AD90A0E04B}.Release|Any CPU.Build.0 = Release|Any CPU
		{06B0BF11-39A3-4F36-A882-D53D52E0A929}.Debug|Any CPU.ActiveCfg = Debug|Any CPU
		{06B0BF11-39A3-4F36-A882-D53D52E0A929}.Debug|Any CPU.Build.0 = Debug|Any CPU
		{06B0BF11-39A3-4F36-A882-D53D52E0A929}.Release|Any CPU.ActiveCfg = Release|Any CPU
		{06B0BF11-39A3-4F36-A882-D53D52E0A929}.Release|Any CPU.Build.0 = Release|Any CPU
		{9EE819FC-A0C2-459E-9394-C8151A0D3B28}.Debug|Any CPU.ActiveCfg = Debug|Any CPU
		{9EE819FC-A0C2-459E-9394-C8151A0D3B28}.Debug|Any CPU.Build.0 = Debug|Any CPU
		{9EE819FC-A0C2-459E-9394-C8151A0D3B28}.Release|Any CPU.ActiveCfg = Release|Any CPU
		{9EE819FC-A0C2-459E-9394-C8151A0D3B28}.Release|Any CPU.Build.0 = Release|Any CPU
		{8E0D7A83-9617-4F42-948A-C7EBFF4F7D88}.Debug|Any CPU.ActiveCfg = Debug|Any CPU
		{8E0D7A83-9617-4F42-948A-C7EBFF4F7D88}.Debug|Any CPU.Build.0 = Debug|Any CPU
		{8E0D7A83-9617-4F42-948A-C7EBFF4F7D88}.Release|Any CPU.ActiveCfg = Release|Any CPU
		{8E0D7A83-9617-4F42-948A-C7EBFF4F7D88}.Release|Any CPU.Build.0 = Release|Any CPU
		{F461E8F0-63B0-4724-9AC7-64A33C95194F}.Debug|Any CPU.ActiveCfg = Debug|Any CPU
		{F461E8F0-63B0-4724-9AC7-64A33C95194F}.Debug|Any CPU.Build.0 = Debug|Any CPU
		{F461E8F0-63B0-4724-9AC7-64A33C95194F}.Release|Any CPU.ActiveCfg = Release|Any CPU
		{F461E8F0-63B0-4724-9AC7-64A33C95194F}.Release|Any CPU.Build.0 = Release|Any CPU
		{7895DCBC-CFBB-45D9-8BBC-7B9F5A2D6BB0}.Debug|Any CPU.ActiveCfg = Debug|Any CPU
		{7895DCBC-CFBB-45D9-8BBC-7B9F5A2D6BB0}.Debug|Any CPU.Build.0 = Debug|Any CPU
		{7895DCBC-CFBB-45D9-8BBC-7B9F5A2D6BB0}.Release|Any CPU.ActiveCfg = Release|Any CPU
		{7895DCBC-CFBB-45D9-8BBC-7B9F5A2D6BB0}.Release|Any CPU.Build.0 = Release|Any CPU
		{DAB1B004-412D-42D3-98D2-2470542C07C4}.Debug|Any CPU.ActiveCfg = Debug|Any CPU
		{DAB1B004-412D-42D3-98D2-2470542C07C4}.Debug|Any CPU.Build.0 = Debug|Any CPU
		{DAB1B004-412D-42D3-98D2-2470542C07C4}.Release|Any CPU.ActiveCfg = Release|Any CPU
		{DAB1B004-412D-42D3-98D2-2470542C07C4}.Release|Any CPU.Build.0 = Release|Any CPU
		{EEFADC99-561D-4CD2-A06F-16E0954BE178}.Debug|Any CPU.ActiveCfg = Debug|Any CPU
		{EEFADC99-561D-4CD2-A06F-16E0954BE178}.Debug|Any CPU.Build.0 = Debug|Any CPU
		{EEFADC99-561D-4CD2-A06F-16E0954BE178}.Release|Any CPU.ActiveCfg = Release|Any CPU
		{EEFADC99-561D-4CD2-A06F-16E0954BE178}.Release|Any CPU.Build.0 = Release|Any CPU
		{6F6CC119-4DC4-4C0C-BC6C-36362C284BB3}.Debug|Any CPU.ActiveCfg = Debug|Any CPU
		{6F6CC119-4DC4-4C0C-BC6C-36362C284BB3}.Debug|Any CPU.Build.0 = Debug|Any CPU
		{6F6CC119-4DC4-4C0C-BC6C-36362C284BB3}.Release|Any CPU.ActiveCfg = Release|Any CPU
		{6F6CC119-4DC4-4C0C-BC6C-36362C284BB3}.Release|Any CPU.Build.0 = Release|Any CPU
		{B29A8FA4-1308-4FED-9500-A71BC03874CD}.Debug|Any CPU.ActiveCfg = Debug|Any CPU
		{B29A8FA4-1308-4FED-9500-A71BC03874CD}.Debug|Any CPU.Build.0 = Debug|Any CPU
		{B29A8FA4-1308-4FED-9500-A71BC03874CD}.Release|Any CPU.ActiveCfg = Release|Any CPU
		{B29A8FA4-1308-4FED-9500-A71BC03874CD}.Release|Any CPU.Build.0 = Release|Any CPU
	EndGlobalSection
EndGlobal
